// !$*UTF8*$!
{
	archiveVersion = 1;
	classes = {
	};
	objectVersion = 52;
	objects = {

/* Begin PBXBuildFile section */
		7509688926B92EDA00BABC78 /* UICollectionView+extensions.swift in Sources */ = {isa = PBXBuildFile; fileRef = 7509688826B92EDA00BABC78 /* UICollectionView+extensions.swift */; };
		753C327E26BD876C0035D044 /* AppManager.swift in Sources */ = {isa = PBXBuildFile; fileRef = 753C327D26BD876C0035D044 /* AppManager.swift */; };
		753C328826BD89130035D044 /* BookDetailsPresenter.swift in Sources */ = {isa = PBXBuildFile; fileRef = 757C606826B7757100F8B420 /* BookDetailsPresenter.swift */; };
		753C328926BD89130035D044 /* Endpoint.swift in Sources */ = {isa = PBXBuildFile; fileRef = 757C608726B77CB700F8B420 /* Endpoint.swift */; };
		753C328A26BD89130035D044 /* Constants.swift in Sources */ = {isa = PBXBuildFile; fileRef = 757C605F26B752E600F8B420 /* Constants.swift */; };
		753C328B26BD89130035D044 /* UICollectionView+extensions.swift in Sources */ = {isa = PBXBuildFile; fileRef = 7509688826B92EDA00BABC78 /* UICollectionView+extensions.swift */; };
		753C328C26BD89130035D044 /* MainScreenCollectionViewController.swift in Sources */ = {isa = PBXBuildFile; fileRef = 757C601826B5572600F8B420 /* MainScreenCollectionViewController.swift */; };
		753C328D26BD89130035D044 /* ErrorViewEntity.swift in Sources */ = {isa = PBXBuildFile; fileRef = 757C605326B74DC800F8B420 /* ErrorViewEntity.swift */; };
		753C328E26BD89130035D044 /* BaseRouterProtocol.swift in Sources */ = {isa = PBXBuildFile; fileRef = 757C602626B5574F00F8B420 /* BaseRouterProtocol.swift */; };
		753C328F26BD89130035D044 /* JSONMapper.swift in Sources */ = {isa = PBXBuildFile; fileRef = 757C609726B79BE200F8B420 /* JSONMapper.swift */; };
		753C329026BD89130035D044 /* UIStackView+extension.swift in Sources */ = {isa = PBXBuildFile; fileRef = 757C604426B69FB100F8B420 /* UIStackView+extension.swift */; };
		753C329126BD89130035D044 /* UITableViewCell+extensions.swift in Sources */ = {isa = PBXBuildFile; fileRef = 75A191BA26B9E4AE001A8810 /* UITableViewCell+extensions.swift */; };
		753C329226BD89130035D044 /* BookDetailsEntity.swift in Sources */ = {isa = PBXBuildFile; fileRef = 757C606C26B7757100F8B420 /* BookDetailsEntity.swift */; };
		753C329326BD89130035D044 /* MainScreenEntity.swift in Sources */ = {isa = PBXBuildFile; fileRef = 757C601A26B5572600F8B420 /* MainScreenEntity.swift */; };
		753C329426BD89130035D044 /* MainContainerView.swift in Sources */ = {isa = PBXBuildFile; fileRef = 75A191C026BAEC36001A8810 /* MainContainerView.swift */; };
		753C329526BD89130035D044 /* UIView+extensions.swift in Sources */ = {isa = PBXBuildFile; fileRef = 757C602926B56D8D00F8B420 /* UIView+extensions.swift */; };
		753C329626BD89130035D044 /* BooksEndpoint.swift in Sources */ = {isa = PBXBuildFile; fileRef = 757C608426B77C7F00F8B420 /* BooksEndpoint.swift */; };
		753C329726BD89130035D044 /* AppActivityView.swift in Sources */ = {isa = PBXBuildFile; fileRef = 757C606226B7622100F8B420 /* AppActivityView.swift */; };
		753C329826BD89130035D044 /* ErrorView.swift in Sources */ = {isa = PBXBuildFile; fileRef = 757C604826B6CB2000F8B420 /* ErrorView.swift */; };
		753C329926BD89130035D044 /* BookDetailsViewController.swift in Sources */ = {isa = PBXBuildFile; fileRef = 757C606A26B7757100F8B420 /* BookDetailsViewController.swift */; };
		753C329A26BD89130035D044 /* ErrorViewPresenter.swift in Sources */ = {isa = PBXBuildFile; fileRef = 757C604F26B74DC800F8B420 /* ErrorViewPresenter.swift */; };
		753C329B26BD89130035D044 /* APIManager.swift in Sources */ = {isa = PBXBuildFile; fileRef = 757C609426B79BB300F8B420 /* APIManager.swift */; };
		753C329C26BD89130035D044 /* APIResponseProtocol.swift in Sources */ = {isa = PBXBuildFile; fileRef = 757C609026B79B3000F8B420 /* APIResponseProtocol.swift */; };
		753C329D26BD89130035D044 /* Reusable+ReusableIdentifier.swift in Sources */ = {isa = PBXBuildFile; fileRef = 75A191BD26B9E4E0001A8810 /* Reusable+ReusableIdentifier.swift */; };
		753C329E26BD89130035D044 /* BookSearchService.swift in Sources */ = {isa = PBXBuildFile; fileRef = 757C607726B7772B00F8B420 /* BookSearchService.swift */; };
		753C329F26BD89130035D044 /* ErrorViewInteractor.swift in Sources */ = {isa = PBXBuildFile; fileRef = 757C605226B74DC800F8B420 /* ErrorViewInteractor.swift */; };
		753C32A026BD89130035D044 /* BookDetailsTableViewCell.swift in Sources */ = {isa = PBXBuildFile; fileRef = 75A191B726B9E28C001A8810 /* BookDetailsTableViewCell.swift */; };
		753C32A126BD89130035D044 /* SearchControllerFactory.swift in Sources */ = {isa = PBXBuildFile; fileRef = 757C603D26B698E900F8B420 /* SearchControllerFactory.swift */; };
		753C32A226BD89130035D044 /* BookDetailsInteractor.swift in Sources */ = {isa = PBXBuildFile; fileRef = 757C606B26B7757100F8B420 /* BookDetailsInteractor.swift */; };
		753C32A326BD89130035D044 /* AppDelegate.swift in Sources */ = {isa = PBXBuildFile; fileRef = 757C5FE126B555FB00F8B420 /* AppDelegate.swift */; };
		753C32A426BD89130035D044 /* UIImage+extensions.swift in Sources */ = {isa = PBXBuildFile; fileRef = 757C60B326B7BCE000F8B420 /* UIImage+extensions.swift */; };
		753C32A526BD89130035D044 /* AppManager.swift in Sources */ = {isa = PBXBuildFile; fileRef = 753C327D26BD876C0035D044 /* AppManager.swift */; };
		753C32A626BD89130035D044 /* SceneDelegate.swift in Sources */ = {isa = PBXBuildFile; fileRef = 757C5FE326B555FB00F8B420 /* SceneDelegate.swift */; };
		753C32A726BD89130035D044 /* MainScreenPresenter.swift in Sources */ = {isa = PBXBuildFile; fileRef = 757C601626B5572600F8B420 /* MainScreenPresenter.swift */; };
		753C32A826BD89130035D044 /* MainScreenRouter.swift in Sources */ = {isa = PBXBuildFile; fileRef = 757C601726B5572600F8B420 /* MainScreenRouter.swift */; };
		753C32A926BD89130035D044 /* APIResponse.swift in Sources */ = {isa = PBXBuildFile; fileRef = 757C609A26B79C1400F8B420 /* APIResponse.swift */; };
		753C32AA26BD89130035D044 /* ErrorViewViewController.swift in Sources */ = {isa = PBXBuildFile; fileRef = 757C605126B74DC800F8B420 /* ErrorViewViewController.swift */; };
		753C32AB26BD89130035D044 /* FetchError.swift in Sources */ = {isa = PBXBuildFile; fileRef = 757C604B26B7353D00F8B420 /* FetchError.swift */; };
		753C32AC26BD89130035D044 /* BookDetailsRouter.swift in Sources */ = {isa = PBXBuildFile; fileRef = 757C606926B7757100F8B420 /* BookDetailsRouter.swift */; };
		753C32AD26BD89130035D044 /* MainScreenCollectionViewCell.swift in Sources */ = {isa = PBXBuildFile; fileRef = 757C604126B69F6B00F8B420 /* MainScreenCollectionViewCell.swift */; };
		753C32AE26BD89130035D044 /* ImageCacheManager.swift in Sources */ = {isa = PBXBuildFile; fileRef = 75A191B326B9D4C1001A8810 /* ImageCacheManager.swift */; };
		753C32AF26BD89130035D044 /* MainScreenInteractor.swift in Sources */ = {isa = PBXBuildFile; fileRef = 757C601926B5572600F8B420 /* MainScreenInteractor.swift */; };
		753C32B026BD89130035D044 /* ErrorViewRouter.swift in Sources */ = {isa = PBXBuildFile; fileRef = 757C605026B74DC800F8B420 /* ErrorViewRouter.swift */; };
		753C32B226BD89130035D044 /* Kingfisher in Frameworks */ = {isa = PBXBuildFile; productRef = 753C328526BD89130035D044 /* Kingfisher */; };
		753C32B326BD89130035D044 /* SwiftyJSON in Frameworks */ = {isa = PBXBuildFile; productRef = 753C328326BD89130035D044 /* SwiftyJSON */; };
		753C32B426BD89130035D044 /* Alamofire in Frameworks */ = {isa = PBXBuildFile; productRef = 753C328126BD89130035D044 /* Alamofire */; };
		753C32B626BD89130035D044 /* LaunchScreen.storyboard in Resources */ = {isa = PBXBuildFile; fileRef = 757C5FEC26B555FD00F8B420 /* LaunchScreen.storyboard */; };
		753C32B726BD89130035D044 /* Assets.xcassets in Resources */ = {isa = PBXBuildFile; fileRef = 757C5FEA26B555FD00F8B420 /* Assets.xcassets */; };
		757C5FE226B555FB00F8B420 /* AppDelegate.swift in Sources */ = {isa = PBXBuildFile; fileRef = 757C5FE126B555FB00F8B420 /* AppDelegate.swift */; };
		757C5FE426B555FB00F8B420 /* SceneDelegate.swift in Sources */ = {isa = PBXBuildFile; fileRef = 757C5FE326B555FB00F8B420 /* SceneDelegate.swift */; };
		757C5FEB26B555FD00F8B420 /* Assets.xcassets in Resources */ = {isa = PBXBuildFile; fileRef = 757C5FEA26B555FD00F8B420 /* Assets.xcassets */; };
		757C5FEE26B555FD00F8B420 /* LaunchScreen.storyboard in Resources */ = {isa = PBXBuildFile; fileRef = 757C5FEC26B555FD00F8B420 /* LaunchScreen.storyboard */; };
		757C5FF926B555FD00F8B420 /* BooksServiceTests.swift in Sources */ = {isa = PBXBuildFile; fileRef = 757C5FF826B555FD00F8B420 /* BooksServiceTests.swift */; };
		757C600426B555FD00F8B420 /* BooksTestAppUITests.swift in Sources */ = {isa = PBXBuildFile; fileRef = 757C600326B555FD00F8B420 /* BooksTestAppUITests.swift */; };
		757C601B26B5572600F8B420 /* MainScreenPresenter.swift in Sources */ = {isa = PBXBuildFile; fileRef = 757C601626B5572600F8B420 /* MainScreenPresenter.swift */; };
		757C601C26B5572600F8B420 /* MainScreenPresenter.swift in Sources */ = {isa = PBXBuildFile; fileRef = 757C601626B5572600F8B420 /* MainScreenPresenter.swift */; };
		757C601D26B5572600F8B420 /* MainScreenRouter.swift in Sources */ = {isa = PBXBuildFile; fileRef = 757C601726B5572600F8B420 /* MainScreenRouter.swift */; };
		757C601E26B5572600F8B420 /* MainScreenRouter.swift in Sources */ = {isa = PBXBuildFile; fileRef = 757C601726B5572600F8B420 /* MainScreenRouter.swift */; };
		757C601F26B5572600F8B420 /* MainScreenCollectionViewController.swift in Sources */ = {isa = PBXBuildFile; fileRef = 757C601826B5572600F8B420 /* MainScreenCollectionViewController.swift */; };
		757C602026B5572600F8B420 /* MainScreenCollectionViewController.swift in Sources */ = {isa = PBXBuildFile; fileRef = 757C601826B5572600F8B420 /* MainScreenCollectionViewController.swift */; };
		757C602126B5572600F8B420 /* MainScreenInteractor.swift in Sources */ = {isa = PBXBuildFile; fileRef = 757C601926B5572600F8B420 /* MainScreenInteractor.swift */; };
		757C602226B5572600F8B420 /* MainScreenInteractor.swift in Sources */ = {isa = PBXBuildFile; fileRef = 757C601926B5572600F8B420 /* MainScreenInteractor.swift */; };
		757C602326B5572600F8B420 /* MainScreenEntity.swift in Sources */ = {isa = PBXBuildFile; fileRef = 757C601A26B5572600F8B420 /* MainScreenEntity.swift */; };
		757C602426B5572600F8B420 /* MainScreenEntity.swift in Sources */ = {isa = PBXBuildFile; fileRef = 757C601A26B5572600F8B420 /* MainScreenEntity.swift */; };
		757C602726B5574F00F8B420 /* BaseRouterProtocol.swift in Sources */ = {isa = PBXBuildFile; fileRef = 757C602626B5574F00F8B420 /* BaseRouterProtocol.swift */; };
		757C602826B5574F00F8B420 /* BaseRouterProtocol.swift in Sources */ = {isa = PBXBuildFile; fileRef = 757C602626B5574F00F8B420 /* BaseRouterProtocol.swift */; };
		757C602A26B56D8D00F8B420 /* UIView+extensions.swift in Sources */ = {isa = PBXBuildFile; fileRef = 757C602926B56D8D00F8B420 /* UIView+extensions.swift */; };
		757C602B26B56D8D00F8B420 /* UIView+extensions.swift in Sources */ = {isa = PBXBuildFile; fileRef = 757C602926B56D8D00F8B420 /* UIView+extensions.swift */; };
		757C603E26B698E900F8B420 /* SearchControllerFactory.swift in Sources */ = {isa = PBXBuildFile; fileRef = 757C603D26B698E900F8B420 /* SearchControllerFactory.swift */; };
		757C603F26B698E900F8B420 /* SearchControllerFactory.swift in Sources */ = {isa = PBXBuildFile; fileRef = 757C603D26B698E900F8B420 /* SearchControllerFactory.swift */; };
		757C604226B69F6B00F8B420 /* MainScreenCollectionViewCell.swift in Sources */ = {isa = PBXBuildFile; fileRef = 757C604126B69F6B00F8B420 /* MainScreenCollectionViewCell.swift */; };
		757C604326B69F6B00F8B420 /* MainScreenCollectionViewCell.swift in Sources */ = {isa = PBXBuildFile; fileRef = 757C604126B69F6B00F8B420 /* MainScreenCollectionViewCell.swift */; };
		757C604526B69FB100F8B420 /* UIStackView+extension.swift in Sources */ = {isa = PBXBuildFile; fileRef = 757C604426B69FB100F8B420 /* UIStackView+extension.swift */; };
		757C604626B69FB100F8B420 /* UIStackView+extension.swift in Sources */ = {isa = PBXBuildFile; fileRef = 757C604426B69FB100F8B420 /* UIStackView+extension.swift */; };
		757C604926B6CB2000F8B420 /* ErrorView.swift in Sources */ = {isa = PBXBuildFile; fileRef = 757C604826B6CB2000F8B420 /* ErrorView.swift */; };
		757C604A26B6CB2000F8B420 /* ErrorView.swift in Sources */ = {isa = PBXBuildFile; fileRef = 757C604826B6CB2000F8B420 /* ErrorView.swift */; };
		757C604C26B7353D00F8B420 /* FetchError.swift in Sources */ = {isa = PBXBuildFile; fileRef = 757C604B26B7353D00F8B420 /* FetchError.swift */; };
		757C604D26B7353D00F8B420 /* FetchError.swift in Sources */ = {isa = PBXBuildFile; fileRef = 757C604B26B7353D00F8B420 /* FetchError.swift */; };
		757C605426B74DC800F8B420 /* ErrorViewPresenter.swift in Sources */ = {isa = PBXBuildFile; fileRef = 757C604F26B74DC800F8B420 /* ErrorViewPresenter.swift */; };
		757C605526B74DC800F8B420 /* ErrorViewPresenter.swift in Sources */ = {isa = PBXBuildFile; fileRef = 757C604F26B74DC800F8B420 /* ErrorViewPresenter.swift */; };
		757C605626B74DC800F8B420 /* ErrorViewRouter.swift in Sources */ = {isa = PBXBuildFile; fileRef = 757C605026B74DC800F8B420 /* ErrorViewRouter.swift */; };
		757C605726B74DC800F8B420 /* ErrorViewRouter.swift in Sources */ = {isa = PBXBuildFile; fileRef = 757C605026B74DC800F8B420 /* ErrorViewRouter.swift */; };
		757C605826B74DC800F8B420 /* ErrorViewViewController.swift in Sources */ = {isa = PBXBuildFile; fileRef = 757C605126B74DC800F8B420 /* ErrorViewViewController.swift */; };
		757C605926B74DC800F8B420 /* ErrorViewViewController.swift in Sources */ = {isa = PBXBuildFile; fileRef = 757C605126B74DC800F8B420 /* ErrorViewViewController.swift */; };
		757C605A26B74DC800F8B420 /* ErrorViewInteractor.swift in Sources */ = {isa = PBXBuildFile; fileRef = 757C605226B74DC800F8B420 /* ErrorViewInteractor.swift */; };
		757C605B26B74DC800F8B420 /* ErrorViewInteractor.swift in Sources */ = {isa = PBXBuildFile; fileRef = 757C605226B74DC800F8B420 /* ErrorViewInteractor.swift */; };
		757C605C26B74DC800F8B420 /* ErrorViewEntity.swift in Sources */ = {isa = PBXBuildFile; fileRef = 757C605326B74DC800F8B420 /* ErrorViewEntity.swift */; };
		757C605D26B74DC800F8B420 /* ErrorViewEntity.swift in Sources */ = {isa = PBXBuildFile; fileRef = 757C605326B74DC800F8B420 /* ErrorViewEntity.swift */; };
		757C606026B752E600F8B420 /* Constants.swift in Sources */ = {isa = PBXBuildFile; fileRef = 757C605F26B752E600F8B420 /* Constants.swift */; };
		757C606126B752E600F8B420 /* Constants.swift in Sources */ = {isa = PBXBuildFile; fileRef = 757C605F26B752E600F8B420 /* Constants.swift */; };
		757C606326B7622100F8B420 /* AppActivityView.swift in Sources */ = {isa = PBXBuildFile; fileRef = 757C606226B7622100F8B420 /* AppActivityView.swift */; };
		757C606426B7622100F8B420 /* AppActivityView.swift in Sources */ = {isa = PBXBuildFile; fileRef = 757C606226B7622100F8B420 /* AppActivityView.swift */; };
		757C606D26B7757100F8B420 /* BookDetailsPresenter.swift in Sources */ = {isa = PBXBuildFile; fileRef = 757C606826B7757100F8B420 /* BookDetailsPresenter.swift */; };
		757C606E26B7757100F8B420 /* BookDetailsPresenter.swift in Sources */ = {isa = PBXBuildFile; fileRef = 757C606826B7757100F8B420 /* BookDetailsPresenter.swift */; };
		757C606F26B7757100F8B420 /* BookDetailsRouter.swift in Sources */ = {isa = PBXBuildFile; fileRef = 757C606926B7757100F8B420 /* BookDetailsRouter.swift */; };
		757C607026B7757100F8B420 /* BookDetailsRouter.swift in Sources */ = {isa = PBXBuildFile; fileRef = 757C606926B7757100F8B420 /* BookDetailsRouter.swift */; };
		757C607126B7757100F8B420 /* BookDetailsViewController.swift in Sources */ = {isa = PBXBuildFile; fileRef = 757C606A26B7757100F8B420 /* BookDetailsViewController.swift */; };
		757C607226B7757100F8B420 /* BookDetailsViewController.swift in Sources */ = {isa = PBXBuildFile; fileRef = 757C606A26B7757100F8B420 /* BookDetailsViewController.swift */; };
		757C607326B7757100F8B420 /* BookDetailsInteractor.swift in Sources */ = {isa = PBXBuildFile; fileRef = 757C606B26B7757100F8B420 /* BookDetailsInteractor.swift */; };
		757C607426B7757100F8B420 /* BookDetailsInteractor.swift in Sources */ = {isa = PBXBuildFile; fileRef = 757C606B26B7757100F8B420 /* BookDetailsInteractor.swift */; };
		757C607526B7757100F8B420 /* BookDetailsEntity.swift in Sources */ = {isa = PBXBuildFile; fileRef = 757C606C26B7757100F8B420 /* BookDetailsEntity.swift */; };
		757C607626B7757100F8B420 /* BookDetailsEntity.swift in Sources */ = {isa = PBXBuildFile; fileRef = 757C606C26B7757100F8B420 /* BookDetailsEntity.swift */; };
		757C607826B7772B00F8B420 /* BookSearchService.swift in Sources */ = {isa = PBXBuildFile; fileRef = 757C607726B7772B00F8B420 /* BookSearchService.swift */; };
		757C607926B7772B00F8B420 /* BookSearchService.swift in Sources */ = {isa = PBXBuildFile; fileRef = 757C607726B7772B00F8B420 /* BookSearchService.swift */; };
		757C607C26B77B5700F8B420 /* Alamofire in Frameworks */ = {isa = PBXBuildFile; productRef = 757C607B26B77B5700F8B420 /* Alamofire */; };
		757C607F26B77BBC00F8B420 /* SwiftyJSON in Frameworks */ = {isa = PBXBuildFile; productRef = 757C607E26B77BBC00F8B420 /* SwiftyJSON */; };
		757C608226B77BD400F8B420 /* Kingfisher in Frameworks */ = {isa = PBXBuildFile; productRef = 757C608126B77BD400F8B420 /* Kingfisher */; };
		757C608526B77C7F00F8B420 /* BooksEndpoint.swift in Sources */ = {isa = PBXBuildFile; fileRef = 757C608426B77C7F00F8B420 /* BooksEndpoint.swift */; };
		757C608626B77C7F00F8B420 /* BooksEndpoint.swift in Sources */ = {isa = PBXBuildFile; fileRef = 757C608426B77C7F00F8B420 /* BooksEndpoint.swift */; };
		757C608826B77CB700F8B420 /* Endpoint.swift in Sources */ = {isa = PBXBuildFile; fileRef = 757C608726B77CB700F8B420 /* Endpoint.swift */; };
		757C608926B77CB700F8B420 /* Endpoint.swift in Sources */ = {isa = PBXBuildFile; fileRef = 757C608726B77CB700F8B420 /* Endpoint.swift */; };
		757C609126B79B3000F8B420 /* APIResponseProtocol.swift in Sources */ = {isa = PBXBuildFile; fileRef = 757C609026B79B3000F8B420 /* APIResponseProtocol.swift */; };
		757C609226B79B3000F8B420 /* APIResponseProtocol.swift in Sources */ = {isa = PBXBuildFile; fileRef = 757C609026B79B3000F8B420 /* APIResponseProtocol.swift */; };
		757C609526B79BB300F8B420 /* APIManager.swift in Sources */ = {isa = PBXBuildFile; fileRef = 757C609426B79BB300F8B420 /* APIManager.swift */; };
		757C609626B79BB300F8B420 /* APIManager.swift in Sources */ = {isa = PBXBuildFile; fileRef = 757C609426B79BB300F8B420 /* APIManager.swift */; };
		757C609826B79BE200F8B420 /* JSONMapper.swift in Sources */ = {isa = PBXBuildFile; fileRef = 757C609726B79BE200F8B420 /* JSONMapper.swift */; };
		757C609926B79BE200F8B420 /* JSONMapper.swift in Sources */ = {isa = PBXBuildFile; fileRef = 757C609726B79BE200F8B420 /* JSONMapper.swift */; };
		757C609B26B79C1400F8B420 /* APIResponse.swift in Sources */ = {isa = PBXBuildFile; fileRef = 757C609A26B79C1400F8B420 /* APIResponse.swift */; };
		757C609C26B79C1400F8B420 /* APIResponse.swift in Sources */ = {isa = PBXBuildFile; fileRef = 757C609A26B79C1400F8B420 /* APIResponse.swift */; };
		757C60B426B7BCE000F8B420 /* UIImage+extensions.swift in Sources */ = {isa = PBXBuildFile; fileRef = 757C60B326B7BCE000F8B420 /* UIImage+extensions.swift */; };
		757C60B526B7BCE000F8B420 /* UIImage+extensions.swift in Sources */ = {isa = PBXBuildFile; fileRef = 757C60B326B7BCE000F8B420 /* UIImage+extensions.swift */; };
		75A191B426B9D4C1001A8810 /* ImageCacheManager.swift in Sources */ = {isa = PBXBuildFile; fileRef = 75A191B326B9D4C1001A8810 /* ImageCacheManager.swift */; };
		75A191B526B9D4C1001A8810 /* ImageCacheManager.swift in Sources */ = {isa = PBXBuildFile; fileRef = 75A191B326B9D4C1001A8810 /* ImageCacheManager.swift */; };
		75A191B826B9E28C001A8810 /* BookDetailsTableViewCell.swift in Sources */ = {isa = PBXBuildFile; fileRef = 75A191B726B9E28C001A8810 /* BookDetailsTableViewCell.swift */; };
		75A191B926B9E28C001A8810 /* BookDetailsTableViewCell.swift in Sources */ = {isa = PBXBuildFile; fileRef = 75A191B726B9E28C001A8810 /* BookDetailsTableViewCell.swift */; };
		75A191BB26B9E4AE001A8810 /* UITableViewCell+extensions.swift in Sources */ = {isa = PBXBuildFile; fileRef = 75A191BA26B9E4AE001A8810 /* UITableViewCell+extensions.swift */; };
		75A191BC26B9E4AE001A8810 /* UITableViewCell+extensions.swift in Sources */ = {isa = PBXBuildFile; fileRef = 75A191BA26B9E4AE001A8810 /* UITableViewCell+extensions.swift */; };
		75A191BE26B9E4E0001A8810 /* Reusable+ReusableIdentifier.swift in Sources */ = {isa = PBXBuildFile; fileRef = 75A191BD26B9E4E0001A8810 /* Reusable+ReusableIdentifier.swift */; };
		75A191BF26B9E4E0001A8810 /* Reusable+ReusableIdentifier.swift in Sources */ = {isa = PBXBuildFile; fileRef = 75A191BD26B9E4E0001A8810 /* Reusable+ReusableIdentifier.swift */; };
		75A191C126BAEC37001A8810 /* MainContainerView.swift in Sources */ = {isa = PBXBuildFile; fileRef = 75A191C026BAEC36001A8810 /* MainContainerView.swift */; };
		75A191C226BAEC37001A8810 /* MainContainerView.swift in Sources */ = {isa = PBXBuildFile; fileRef = 75A191C026BAEC36001A8810 /* MainContainerView.swift */; };
		75A191C326BD69D3001A8810 /* UICollectionView+extensions.swift in Sources */ = {isa = PBXBuildFile; fileRef = 7509688826B92EDA00BABC78 /* UICollectionView+extensions.swift */; };
/* End PBXBuildFile section */

/* Begin PBXContainerItemProxy section */
		757C5FF526B555FD00F8B420 /* PBXContainerItemProxy */ = {
			isa = PBXContainerItemProxy;
			containerPortal = 757C5FD626B555FB00F8B420 /* Project object */;
			proxyType = 1;
			remoteGlobalIDString = 757C5FDD26B555FB00F8B420;
			remoteInfo = BooksTestApp;
		};
		757C600026B555FD00F8B420 /* PBXContainerItemProxy */ = {
			isa = PBXContainerItemProxy;
			containerPortal = 757C5FD626B555FB00F8B420 /* Project object */;
			proxyType = 1;
			remoteGlobalIDString = 757C5FDD26B555FB00F8B420;
			remoteInfo = BooksTestApp;
		};
/* End PBXContainerItemProxy section */

/* Begin PBXFileReference section */
		7509688826B92EDA00BABC78 /* UICollectionView+extensions.swift */ = {isa = PBXFileReference; lastKnownFileType = sourcecode.swift; path = "UICollectionView+extensions.swift"; sourceTree = "<group>"; };
		753C327D26BD876C0035D044 /* AppManager.swift */ = {isa = PBXFileReference; lastKnownFileType = sourcecode.swift; path = AppManager.swift; sourceTree = "<group>"; };
		753C32BB26BD89130035D044 /* BooksTestApp Dev.app */ = {isa = PBXFileReference; explicitFileType = wrapper.application; includeInIndex = 0; path = "BooksTestApp Dev.app"; sourceTree = BUILT_PRODUCTS_DIR; };
		753C32BC26BD89130035D044 /* BooksTestApp Dev.plist */ = {isa = PBXFileReference; lastKnownFileType = text.plist.xml; name = "BooksTestApp Dev.plist"; path = "/Users/majituteniyazov/Books/BooksTestApp/BooksTestApp Dev.plist"; sourceTree = "<absolute>"; };
		757C5FDE26B555FB00F8B420 /* BooksTestApp.app */ = {isa = PBXFileReference; explicitFileType = wrapper.application; includeInIndex = 0; path = BooksTestApp.app; sourceTree = BUILT_PRODUCTS_DIR; };
		757C5FE126B555FB00F8B420 /* AppDelegate.swift */ = {isa = PBXFileReference; lastKnownFileType = sourcecode.swift; path = AppDelegate.swift; sourceTree = "<group>"; };
		757C5FE326B555FB00F8B420 /* SceneDelegate.swift */ = {isa = PBXFileReference; lastKnownFileType = sourcecode.swift; path = SceneDelegate.swift; sourceTree = "<group>"; };
		757C5FEA26B555FD00F8B420 /* Assets.xcassets */ = {isa = PBXFileReference; lastKnownFileType = folder.assetcatalog; path = Assets.xcassets; sourceTree = "<group>"; };
		757C5FED26B555FD00F8B420 /* Base */ = {isa = PBXFileReference; lastKnownFileType = file.storyboard; name = Base; path = Base.lproj/LaunchScreen.storyboard; sourceTree = "<group>"; };
		757C5FEF26B555FD00F8B420 /* Info.plist */ = {isa = PBXFileReference; lastKnownFileType = text.plist.xml; path = Info.plist; sourceTree = "<group>"; };
		757C5FF426B555FD00F8B420 /* BooksTestAppTests.xctest */ = {isa = PBXFileReference; explicitFileType = wrapper.cfbundle; includeInIndex = 0; path = BooksTestAppTests.xctest; sourceTree = BUILT_PRODUCTS_DIR; };
		757C5FF826B555FD00F8B420 /* BooksServiceTests.swift */ = {isa = PBXFileReference; lastKnownFileType = sourcecode.swift; path = BooksServiceTests.swift; sourceTree = "<group>"; };
		757C5FFA26B555FD00F8B420 /* Info.plist */ = {isa = PBXFileReference; lastKnownFileType = text.plist.xml; path = Info.plist; sourceTree = "<group>"; };
		757C5FFF26B555FD00F8B420 /* BooksTestAppUITests.xctest */ = {isa = PBXFileReference; explicitFileType = wrapper.cfbundle; includeInIndex = 0; path = BooksTestAppUITests.xctest; sourceTree = BUILT_PRODUCTS_DIR; };
		757C600326B555FD00F8B420 /* BooksTestAppUITests.swift */ = {isa = PBXFileReference; lastKnownFileType = sourcecode.swift; path = BooksTestAppUITests.swift; sourceTree = "<group>"; };
		757C600526B555FD00F8B420 /* Info.plist */ = {isa = PBXFileReference; lastKnownFileType = text.plist.xml; path = Info.plist; sourceTree = "<group>"; };
		757C601626B5572600F8B420 /* MainScreenPresenter.swift */ = {isa = PBXFileReference; lastKnownFileType = sourcecode.swift; path = MainScreenPresenter.swift; sourceTree = "<group>"; };
		757C601726B5572600F8B420 /* MainScreenRouter.swift */ = {isa = PBXFileReference; lastKnownFileType = sourcecode.swift; path = MainScreenRouter.swift; sourceTree = "<group>"; };
		757C601826B5572600F8B420 /* MainScreenCollectionViewController.swift */ = {isa = PBXFileReference; lastKnownFileType = sourcecode.swift; path = MainScreenCollectionViewController.swift; sourceTree = "<group>"; };
		757C601926B5572600F8B420 /* MainScreenInteractor.swift */ = {isa = PBXFileReference; lastKnownFileType = sourcecode.swift; path = MainScreenInteractor.swift; sourceTree = "<group>"; };
		757C601A26B5572600F8B420 /* MainScreenEntity.swift */ = {isa = PBXFileReference; lastKnownFileType = sourcecode.swift; path = MainScreenEntity.swift; sourceTree = "<group>"; };
		757C602626B5574F00F8B420 /* BaseRouterProtocol.swift */ = {isa = PBXFileReference; lastKnownFileType = sourcecode.swift; path = BaseRouterProtocol.swift; sourceTree = "<group>"; };
		757C602926B56D8D00F8B420 /* UIView+extensions.swift */ = {isa = PBXFileReference; lastKnownFileType = sourcecode.swift; path = "UIView+extensions.swift"; sourceTree = "<group>"; };
		757C603D26B698E900F8B420 /* SearchControllerFactory.swift */ = {isa = PBXFileReference; lastKnownFileType = sourcecode.swift; path = SearchControllerFactory.swift; sourceTree = "<group>"; };
		757C604126B69F6B00F8B420 /* MainScreenCollectionViewCell.swift */ = {isa = PBXFileReference; lastKnownFileType = sourcecode.swift; path = MainScreenCollectionViewCell.swift; sourceTree = "<group>"; };
		757C604426B69FB100F8B420 /* UIStackView+extension.swift */ = {isa = PBXFileReference; lastKnownFileType = sourcecode.swift; path = "UIStackView+extension.swift"; sourceTree = "<group>"; };
		757C604826B6CB2000F8B420 /* ErrorView.swift */ = {isa = PBXFileReference; lastKnownFileType = sourcecode.swift; path = ErrorView.swift; sourceTree = "<group>"; };
		757C604B26B7353D00F8B420 /* FetchError.swift */ = {isa = PBXFileReference; lastKnownFileType = sourcecode.swift; path = FetchError.swift; sourceTree = "<group>"; };
		757C604F26B74DC800F8B420 /* ErrorViewPresenter.swift */ = {isa = PBXFileReference; lastKnownFileType = sourcecode.swift; path = ErrorViewPresenter.swift; sourceTree = "<group>"; };
		757C605026B74DC800F8B420 /* ErrorViewRouter.swift */ = {isa = PBXFileReference; lastKnownFileType = sourcecode.swift; path = ErrorViewRouter.swift; sourceTree = "<group>"; };
		757C605126B74DC800F8B420 /* ErrorViewViewController.swift */ = {isa = PBXFileReference; lastKnownFileType = sourcecode.swift; path = ErrorViewViewController.swift; sourceTree = "<group>"; };
		757C605226B74DC800F8B420 /* ErrorViewInteractor.swift */ = {isa = PBXFileReference; lastKnownFileType = sourcecode.swift; path = ErrorViewInteractor.swift; sourceTree = "<group>"; };
		757C605326B74DC800F8B420 /* ErrorViewEntity.swift */ = {isa = PBXFileReference; lastKnownFileType = sourcecode.swift; path = ErrorViewEntity.swift; sourceTree = "<group>"; };
		757C605F26B752E600F8B420 /* Constants.swift */ = {isa = PBXFileReference; lastKnownFileType = sourcecode.swift; path = Constants.swift; sourceTree = "<group>"; };
		757C606226B7622100F8B420 /* AppActivityView.swift */ = {isa = PBXFileReference; lastKnownFileType = sourcecode.swift; path = AppActivityView.swift; sourceTree = "<group>"; };
		757C606826B7757100F8B420 /* BookDetailsPresenter.swift */ = {isa = PBXFileReference; lastKnownFileType = sourcecode.swift; path = BookDetailsPresenter.swift; sourceTree = "<group>"; };
		757C606926B7757100F8B420 /* BookDetailsRouter.swift */ = {isa = PBXFileReference; lastKnownFileType = sourcecode.swift; path = BookDetailsRouter.swift; sourceTree = "<group>"; };
		757C606A26B7757100F8B420 /* BookDetailsViewController.swift */ = {isa = PBXFileReference; lastKnownFileType = sourcecode.swift; path = BookDetailsViewController.swift; sourceTree = "<group>"; };
		757C606B26B7757100F8B420 /* BookDetailsInteractor.swift */ = {isa = PBXFileReference; lastKnownFileType = sourcecode.swift; path = BookDetailsInteractor.swift; sourceTree = "<group>"; };
		757C606C26B7757100F8B420 /* BookDetailsEntity.swift */ = {isa = PBXFileReference; lastKnownFileType = sourcecode.swift; path = BookDetailsEntity.swift; sourceTree = "<group>"; };
		757C607726B7772B00F8B420 /* BookSearchService.swift */ = {isa = PBXFileReference; lastKnownFileType = sourcecode.swift; path = BookSearchService.swift; sourceTree = "<group>"; };
		757C608426B77C7F00F8B420 /* BooksEndpoint.swift */ = {isa = PBXFileReference; lastKnownFileType = sourcecode.swift; path = BooksEndpoint.swift; sourceTree = "<group>"; };
		757C608726B77CB700F8B420 /* Endpoint.swift */ = {isa = PBXFileReference; lastKnownFileType = sourcecode.swift; path = Endpoint.swift; sourceTree = "<group>"; };
		757C609026B79B3000F8B420 /* APIResponseProtocol.swift */ = {isa = PBXFileReference; lastKnownFileType = sourcecode.swift; path = APIResponseProtocol.swift; sourceTree = "<group>"; };
		757C609426B79BB300F8B420 /* APIManager.swift */ = {isa = PBXFileReference; lastKnownFileType = sourcecode.swift; path = APIManager.swift; sourceTree = "<group>"; };
		757C609726B79BE200F8B420 /* JSONMapper.swift */ = {isa = PBXFileReference; lastKnownFileType = sourcecode.swift; path = JSONMapper.swift; sourceTree = "<group>"; };
		757C609A26B79C1400F8B420 /* APIResponse.swift */ = {isa = PBXFileReference; lastKnownFileType = sourcecode.swift; path = APIResponse.swift; sourceTree = "<group>"; };
		757C60B326B7BCE000F8B420 /* UIImage+extensions.swift */ = {isa = PBXFileReference; lastKnownFileType = sourcecode.swift; path = "UIImage+extensions.swift"; sourceTree = "<group>"; };
		75A191B326B9D4C1001A8810 /* ImageCacheManager.swift */ = {isa = PBXFileReference; lastKnownFileType = sourcecode.swift; path = ImageCacheManager.swift; sourceTree = "<group>"; };
		75A191B726B9E28C001A8810 /* BookDetailsTableViewCell.swift */ = {isa = PBXFileReference; lastKnownFileType = sourcecode.swift; path = BookDetailsTableViewCell.swift; sourceTree = "<group>"; };
		75A191BA26B9E4AE001A8810 /* UITableViewCell+extensions.swift */ = {isa = PBXFileReference; lastKnownFileType = sourcecode.swift; path = "UITableViewCell+extensions.swift"; sourceTree = "<group>"; };
		75A191BD26B9E4E0001A8810 /* Reusable+ReusableIdentifier.swift */ = {isa = PBXFileReference; lastKnownFileType = sourcecode.swift; path = "Reusable+ReusableIdentifier.swift"; sourceTree = "<group>"; };
		75A191C026BAEC36001A8810 /* MainContainerView.swift */ = {isa = PBXFileReference; lastKnownFileType = sourcecode.swift; path = MainContainerView.swift; sourceTree = "<group>"; };
/* End PBXFileReference section */

/* Begin PBXFrameworksBuildPhase section */
		753C32B126BD89130035D044 /* Frameworks */ = {
			isa = PBXFrameworksBuildPhase;
			buildActionMask = 2147483647;
			files = (
				753C32B226BD89130035D044 /* Kingfisher in Frameworks */,
				753C32B326BD89130035D044 /* SwiftyJSON in Frameworks */,
				753C32B426BD89130035D044 /* Alamofire in Frameworks */,
			);
			runOnlyForDeploymentPostprocessing = 0;
		};
		757C5FDB26B555FB00F8B420 /* Frameworks */ = {
			isa = PBXFrameworksBuildPhase;
			buildActionMask = 2147483647;
			files = (
				757C608226B77BD400F8B420 /* Kingfisher in Frameworks */,
				757C607F26B77BBC00F8B420 /* SwiftyJSON in Frameworks */,
				757C607C26B77B5700F8B420 /* Alamofire in Frameworks */,
			);
			runOnlyForDeploymentPostprocessing = 0;
		};
		757C5FF126B555FD00F8B420 /* Frameworks */ = {
			isa = PBXFrameworksBuildPhase;
			buildActionMask = 2147483647;
			files = (
			);
			runOnlyForDeploymentPostprocessing = 0;
		};
		757C5FFC26B555FD00F8B420 /* Frameworks */ = {
			isa = PBXFrameworksBuildPhase;
			buildActionMask = 2147483647;
			files = (
			);
			runOnlyForDeploymentPostprocessing = 0;
		};
/* End PBXFrameworksBuildPhase section */

/* Begin PBXGroup section */
		757C5FD526B555FB00F8B420 = {
			isa = PBXGroup;
			children = (
				757C5FE026B555FB00F8B420 /* BooksTestApp */,
				757C5FF726B555FD00F8B420 /* BooksTestAppTests */,
				757C600226B555FD00F8B420 /* BooksTestAppUITests */,
				757C5FDF26B555FB00F8B420 /* Products */,
			);
			sourceTree = "<group>";
		};
		757C5FDF26B555FB00F8B420 /* Products */ = {
			isa = PBXGroup;
			children = (
				757C5FDE26B555FB00F8B420 /* BooksTestApp.app */,
				757C5FF426B555FD00F8B420 /* BooksTestAppTests.xctest */,
				757C5FFF26B555FD00F8B420 /* BooksTestAppUITests.xctest */,
				753C32BB26BD89130035D044 /* BooksTestApp Dev.app */,
			);
			name = Products;
			sourceTree = "<group>";
		};
		757C5FE026B555FB00F8B420 /* BooksTestApp */ = {
			isa = PBXGroup;
			children = (
				757C5FE126B555FB00F8B420 /* AppDelegate.swift */,
				757C5FE326B555FB00F8B420 /* SceneDelegate.swift */,
				757C609326B79B8C00F8B420 /* Managers */,
				757C608326B77C6A00F8B420 /* Endpoint */,
				757C605E26B752D900F8B420 /* Constants */,
				757C604726B6CB0E00F8B420 /* CustomViews */,
				757C603C26B698D400F8B420 /* Factories */,
				757C602526B5573A00F8B420 /* Protocols */,
				757C601426B556F900F8B420 /* Extensions */,
				757C601326B556ED00F8B420 /* Helpers */,
				757C601226B556B300F8B420 /* Services */,
				757C601126B556A400F8B420 /* Scenes */,
				757C5FEA26B555FD00F8B420 /* Assets.xcassets */,
				757C5FEC26B555FD00F8B420 /* LaunchScreen.storyboard */,
				757C5FEF26B555FD00F8B420 /* Info.plist */,
				753C32BC26BD89130035D044 /* BooksTestApp Dev.plist */,
			);
			path = BooksTestApp;
			sourceTree = "<group>";
		};
		757C5FF726B555FD00F8B420 /* BooksTestAppTests */ = {
			isa = PBXGroup;
			children = (
				757C5FF826B555FD00F8B420 /* BooksServiceTests.swift */,
				757C5FFA26B555FD00F8B420 /* Info.plist */,
			);
			path = BooksTestAppTests;
			sourceTree = "<group>";
		};
		757C600226B555FD00F8B420 /* BooksTestAppUITests */ = {
			isa = PBXGroup;
			children = (
				757C600326B555FD00F8B420 /* BooksTestAppUITests.swift */,
				757C600526B555FD00F8B420 /* Info.plist */,
			);
			path = BooksTestAppUITests;
			sourceTree = "<group>";
		};
		757C601126B556A400F8B420 /* Scenes */ = {
			isa = PBXGroup;
			children = (
				757C601526B5570000F8B420 /* MainScreen */,
				757C602C26B6979300F8B420 /* BookDetails */,
				757C604E26B74D9500F8B420 /* ErrorViewController */,
			);
			path = Scenes;
			sourceTree = "<group>";
		};
		757C601226B556B300F8B420 /* Services */ = {
			isa = PBXGroup;
			children = (
				757C607726B7772B00F8B420 /* BookSearchService.swift */,
			);
			path = Services;
			sourceTree = "<group>";
		};
		757C601326B556ED00F8B420 /* Helpers */ = {
			isa = PBXGroup;
			children = (
				757C604B26B7353D00F8B420 /* FetchError.swift */,
			);
			path = Helpers;
			sourceTree = "<group>";
		};
		757C601426B556F900F8B420 /* Extensions */ = {
			isa = PBXGroup;
			children = (
				757C602926B56D8D00F8B420 /* UIView+extensions.swift */,
				757C60B326B7BCE000F8B420 /* UIImage+extensions.swift */,
				757C604426B69FB100F8B420 /* UIStackView+extension.swift */,
				75A191BD26B9E4E0001A8810 /* Reusable+ReusableIdentifier.swift */,
				7509688826B92EDA00BABC78 /* UICollectionView+extensions.swift */,
				75A191BA26B9E4AE001A8810 /* UITableViewCell+extensions.swift */,
			);
			path = Extensions;
			sourceTree = "<group>";
		};
		757C601526B5570000F8B420 /* MainScreen */ = {
			isa = PBXGroup;
			children = (
				757C601626B5572600F8B420 /* MainScreenPresenter.swift */,
				757C601726B5572600F8B420 /* MainScreenRouter.swift */,
				757C601826B5572600F8B420 /* MainScreenCollectionViewController.swift */,
				757C601926B5572600F8B420 /* MainScreenInteractor.swift */,
				757C601A26B5572600F8B420 /* MainScreenEntity.swift */,
				757C604026B69F4A00F8B420 /* Cells */,
			);
			path = MainScreen;
			sourceTree = "<group>";
		};
		757C602526B5573A00F8B420 /* Protocols */ = {
			isa = PBXGroup;
			children = (
				757C602626B5574F00F8B420 /* BaseRouterProtocol.swift */,
				757C608726B77CB700F8B420 /* Endpoint.swift */,
				757C609026B79B3000F8B420 /* APIResponseProtocol.swift */,
			);
			path = Protocols;
			sourceTree = "<group>";
		};
		757C602C26B6979300F8B420 /* BookDetails */ = {
			isa = PBXGroup;
			children = (
				757C606826B7757100F8B420 /* BookDetailsPresenter.swift */,
				757C606926B7757100F8B420 /* BookDetailsRouter.swift */,
				757C606A26B7757100F8B420 /* BookDetailsViewController.swift */,
				757C606B26B7757100F8B420 /* BookDetailsInteractor.swift */,
				757C606C26B7757100F8B420 /* BookDetailsEntity.swift */,
				75A191B626B9E279001A8810 /* Cells */,
			);
			path = BookDetails;
			sourceTree = "<group>";
		};
		757C603C26B698D400F8B420 /* Factories */ = {
			isa = PBXGroup;
			children = (
				757C603D26B698E900F8B420 /* SearchControllerFactory.swift */,
			);
			path = Factories;
			sourceTree = "<group>";
		};
		757C604026B69F4A00F8B420 /* Cells */ = {
			isa = PBXGroup;
			children = (
				757C604126B69F6B00F8B420 /* MainScreenCollectionViewCell.swift */,
			);
			path = Cells;
			sourceTree = "<group>";
		};
		757C604726B6CB0E00F8B420 /* CustomViews */ = {
			isa = PBXGroup;
			children = (
				757C604826B6CB2000F8B420 /* ErrorView.swift */,
				757C606226B7622100F8B420 /* AppActivityView.swift */,
				75A191C026BAEC36001A8810 /* MainContainerView.swift */,
			);
			path = CustomViews;
			sourceTree = "<group>";
		};
		757C604E26B74D9500F8B420 /* ErrorViewController */ = {
			isa = PBXGroup;
			children = (
				757C604F26B74DC800F8B420 /* ErrorViewPresenter.swift */,
				757C605026B74DC800F8B420 /* ErrorViewRouter.swift */,
				757C605126B74DC800F8B420 /* ErrorViewViewController.swift */,
				757C605226B74DC800F8B420 /* ErrorViewInteractor.swift */,
				757C605326B74DC800F8B420 /* ErrorViewEntity.swift */,
			);
			path = ErrorViewController;
			sourceTree = "<group>";
		};
		757C605E26B752D900F8B420 /* Constants */ = {
			isa = PBXGroup;
			children = (
				757C605F26B752E600F8B420 /* Constants.swift */,
			);
			path = Constants;
			sourceTree = "<group>";
		};
		757C608326B77C6A00F8B420 /* Endpoint */ = {
			isa = PBXGroup;
			children = (
				757C608426B77C7F00F8B420 /* BooksEndpoint.swift */,
			);
			path = Endpoint;
			sourceTree = "<group>";
		};
		757C609326B79B8C00F8B420 /* Managers */ = {
			isa = PBXGroup;
			children = (
				757C609426B79BB300F8B420 /* APIManager.swift */,
				757C609726B79BE200F8B420 /* JSONMapper.swift */,
				757C609A26B79C1400F8B420 /* APIResponse.swift */,
				75A191B326B9D4C1001A8810 /* ImageCacheManager.swift */,
				753C327D26BD876C0035D044 /* AppManager.swift */,
			);
			path = Managers;
			sourceTree = "<group>";
		};
		75A191B626B9E279001A8810 /* Cells */ = {
			isa = PBXGroup;
			children = (
				75A191B726B9E28C001A8810 /* BookDetailsTableViewCell.swift */,
			);
			path = Cells;
			sourceTree = "<group>";
		};
/* End PBXGroup section */

/* Begin PBXNativeTarget section */
		753C328026BD89130035D044 /* BooksTestApp Dev */ = {
			isa = PBXNativeTarget;
			buildConfigurationList = 753C32B826BD89130035D044 /* Build configuration list for PBXNativeTarget "BooksTestApp Dev" */;
			buildPhases = (
				753C328726BD89130035D044 /* Sources */,
				753C32B126BD89130035D044 /* Frameworks */,
				753C32B526BD89130035D044 /* Resources */,
			);
			buildRules = (
			);
			dependencies = (
			);
			name = "BooksTestApp Dev";
			packageProductDependencies = (
				753C328126BD89130035D044 /* Alamofire */,
				753C328326BD89130035D044 /* SwiftyJSON */,
				753C328526BD89130035D044 /* Kingfisher */,
			);
			productName = BooksTestApp;
			productReference = 753C32BB26BD89130035D044 /* BooksTestApp Dev.app */;
			productType = "com.apple.product-type.application";
		};
		757C5FDD26B555FB00F8B420 /* BooksTestApp */ = {
			isa = PBXNativeTarget;
			buildConfigurationList = 757C600826B555FD00F8B420 /* Build configuration list for PBXNativeTarget "BooksTestApp" */;
			buildPhases = (
				757C5FDA26B555FB00F8B420 /* Sources */,
				757C5FDB26B555FB00F8B420 /* Frameworks */,
				757C5FDC26B555FB00F8B420 /* Resources */,
			);
			buildRules = (
			);
			dependencies = (
			);
			name = BooksTestApp;
			packageProductDependencies = (
				757C607B26B77B5700F8B420 /* Alamofire */,
				757C607E26B77BBC00F8B420 /* SwiftyJSON */,
				757C608126B77BD400F8B420 /* Kingfisher */,
			);
			productName = BooksTestApp;
			productReference = 757C5FDE26B555FB00F8B420 /* BooksTestApp.app */;
			productType = "com.apple.product-type.application";
		};
		757C5FF326B555FD00F8B420 /* BooksTestAppTests */ = {
			isa = PBXNativeTarget;
			buildConfigurationList = 757C600B26B555FD00F8B420 /* Build configuration list for PBXNativeTarget "BooksTestAppTests" */;
			buildPhases = (
				757C5FF026B555FD00F8B420 /* Sources */,
				757C5FF126B555FD00F8B420 /* Frameworks */,
				757C5FF226B555FD00F8B420 /* Resources */,
			);
			buildRules = (
			);
			dependencies = (
				757C5FF626B555FD00F8B420 /* PBXTargetDependency */,
			);
			name = BooksTestAppTests;
			productName = BooksTestAppTests;
			productReference = 757C5FF426B555FD00F8B420 /* BooksTestAppTests.xctest */;
			productType = "com.apple.product-type.bundle.unit-test";
		};
		757C5FFE26B555FD00F8B420 /* BooksTestAppUITests */ = {
			isa = PBXNativeTarget;
			buildConfigurationList = 757C600E26B555FD00F8B420 /* Build configuration list for PBXNativeTarget "BooksTestAppUITests" */;
			buildPhases = (
				757C5FFB26B555FD00F8B420 /* Sources */,
				757C5FFC26B555FD00F8B420 /* Frameworks */,
				757C5FFD26B555FD00F8B420 /* Resources */,
			);
			buildRules = (
			);
			dependencies = (
				757C600126B555FD00F8B420 /* PBXTargetDependency */,
			);
			name = BooksTestAppUITests;
			productName = BooksTestAppUITests;
			productReference = 757C5FFF26B555FD00F8B420 /* BooksTestAppUITests.xctest */;
			productType = "com.apple.product-type.bundle.ui-testing";
		};
/* End PBXNativeTarget section */

/* Begin PBXProject section */
		757C5FD626B555FB00F8B420 /* Project object */ = {
			isa = PBXProject;
			attributes = {
				LastSwiftUpdateCheck = 1250;
				LastUpgradeCheck = 1250;
				TargetAttributes = {
					757C5FDD26B555FB00F8B420 = {
						CreatedOnToolsVersion = 12.5;
					};
					757C5FF326B555FD00F8B420 = {
						CreatedOnToolsVersion = 12.5;
						TestTargetID = 757C5FDD26B555FB00F8B420;
					};
					757C5FFE26B555FD00F8B420 = {
						CreatedOnToolsVersion = 12.5;
						TestTargetID = 757C5FDD26B555FB00F8B420;
					};
				};
			};
			buildConfigurationList = 757C5FD926B555FB00F8B420 /* Build configuration list for PBXProject "BooksTestApp" */;
			compatibilityVersion = "Xcode 9.3";
			developmentRegion = en;
			hasScannedForEncodings = 0;
			knownRegions = (
				en,
				Base,
			);
			mainGroup = 757C5FD526B555FB00F8B420;
			packageReferences = (
				757C607A26B77B5600F8B420 /* XCRemoteSwiftPackageReference "Alamofire" */,
				757C607D26B77BBC00F8B420 /* XCRemoteSwiftPackageReference "SwiftyJSON" */,
				757C608026B77BD400F8B420 /* XCRemoteSwiftPackageReference "Kingfisher" */,
			);
			productRefGroup = 757C5FDF26B555FB00F8B420 /* Products */;
			projectDirPath = "";
			projectRoot = "";
			targets = (
				757C5FDD26B555FB00F8B420 /* BooksTestApp */,
				753C328026BD89130035D044 /* BooksTestApp Dev */,
				757C5FF326B555FD00F8B420 /* BooksTestAppTests */,
				757C5FFE26B555FD00F8B420 /* BooksTestAppUITests */,
			);
		};
/* End PBXProject section */

/* Begin PBXResourcesBuildPhase section */
		753C32B526BD89130035D044 /* Resources */ = {
			isa = PBXResourcesBuildPhase;
			buildActionMask = 2147483647;
			files = (
				753C32B626BD89130035D044 /* LaunchScreen.storyboard in Resources */,
				753C32B726BD89130035D044 /* Assets.xcassets in Resources */,
			);
			runOnlyForDeploymentPostprocessing = 0;
		};
		757C5FDC26B555FB00F8B420 /* Resources */ = {
			isa = PBXResourcesBuildPhase;
			buildActionMask = 2147483647;
			files = (
				757C5FEE26B555FD00F8B420 /* LaunchScreen.storyboard in Resources */,
				757C5FEB26B555FD00F8B420 /* Assets.xcassets in Resources */,
			);
			runOnlyForDeploymentPostprocessing = 0;
		};
		757C5FF226B555FD00F8B420 /* Resources */ = {
			isa = PBXResourcesBuildPhase;
			buildActionMask = 2147483647;
			files = (
			);
			runOnlyForDeploymentPostprocessing = 0;
		};
		757C5FFD26B555FD00F8B420 /* Resources */ = {
			isa = PBXResourcesBuildPhase;
			buildActionMask = 2147483647;
			files = (
			);
			runOnlyForDeploymentPostprocessing = 0;
		};
/* End PBXResourcesBuildPhase section */

/* Begin PBXSourcesBuildPhase section */
		753C328726BD89130035D044 /* Sources */ = {
			isa = PBXSourcesBuildPhase;
			buildActionMask = 2147483647;
			files = (
				753C328826BD89130035D044 /* BookDetailsPresenter.swift in Sources */,
				753C328926BD89130035D044 /* Endpoint.swift in Sources */,
				753C328A26BD89130035D044 /* Constants.swift in Sources */,
				753C328B26BD89130035D044 /* UICollectionView+extensions.swift in Sources */,
				753C328C26BD89130035D044 /* MainScreenCollectionViewController.swift in Sources */,
				753C328D26BD89130035D044 /* ErrorViewEntity.swift in Sources */,
				753C328E26BD89130035D044 /* BaseRouterProtocol.swift in Sources */,
				753C328F26BD89130035D044 /* JSONMapper.swift in Sources */,
				753C329026BD89130035D044 /* UIStackView+extension.swift in Sources */,
				753C329126BD89130035D044 /* UITableViewCell+extensions.swift in Sources */,
				753C329226BD89130035D044 /* BookDetailsEntity.swift in Sources */,
				753C329326BD89130035D044 /* MainScreenEntity.swift in Sources */,
				753C329426BD89130035D044 /* MainContainerView.swift in Sources */,
				753C329526BD89130035D044 /* UIView+extensions.swift in Sources */,
				753C329626BD89130035D044 /* BooksEndpoint.swift in Sources */,
				753C329726BD89130035D044 /* AppActivityView.swift in Sources */,
				753C329826BD89130035D044 /* ErrorView.swift in Sources */,
				753C329926BD89130035D044 /* BookDetailsViewController.swift in Sources */,
				753C329A26BD89130035D044 /* ErrorViewPresenter.swift in Sources */,
				753C329B26BD89130035D044 /* APIManager.swift in Sources */,
				753C329C26BD89130035D044 /* APIResponseProtocol.swift in Sources */,
				753C329D26BD89130035D044 /* Reusable+ReusableIdentifier.swift in Sources */,
				753C329E26BD89130035D044 /* BookSearchService.swift in Sources */,
				753C329F26BD89130035D044 /* ErrorViewInteractor.swift in Sources */,
				753C32A026BD89130035D044 /* BookDetailsTableViewCell.swift in Sources */,
				753C32A126BD89130035D044 /* SearchControllerFactory.swift in Sources */,
				753C32A226BD89130035D044 /* BookDetailsInteractor.swift in Sources */,
				753C32A326BD89130035D044 /* AppDelegate.swift in Sources */,
				753C32A426BD89130035D044 /* UIImage+extensions.swift in Sources */,
				753C32A526BD89130035D044 /* AppManager.swift in Sources */,
				753C32A626BD89130035D044 /* SceneDelegate.swift in Sources */,
				753C32A726BD89130035D044 /* MainScreenPresenter.swift in Sources */,
				753C32A826BD89130035D044 /* MainScreenRouter.swift in Sources */,
				753C32A926BD89130035D044 /* APIResponse.swift in Sources */,
				753C32AA26BD89130035D044 /* ErrorViewViewController.swift in Sources */,
				753C32AB26BD89130035D044 /* FetchError.swift in Sources */,
				753C32AC26BD89130035D044 /* BookDetailsRouter.swift in Sources */,
				753C32AD26BD89130035D044 /* MainScreenCollectionViewCell.swift in Sources */,
				753C32AE26BD89130035D044 /* ImageCacheManager.swift in Sources */,
				753C32AF26BD89130035D044 /* MainScreenInteractor.swift in Sources */,
				753C32B026BD89130035D044 /* ErrorViewRouter.swift in Sources */,
			);
			runOnlyForDeploymentPostprocessing = 0;
		};
		757C5FDA26B555FB00F8B420 /* Sources */ = {
			isa = PBXSourcesBuildPhase;
			buildActionMask = 2147483647;
			files = (
				757C606D26B7757100F8B420 /* BookDetailsPresenter.swift in Sources */,
				757C608826B77CB700F8B420 /* Endpoint.swift in Sources */,
				757C606026B752E600F8B420 /* Constants.swift in Sources */,
				7509688926B92EDA00BABC78 /* UICollectionView+extensions.swift in Sources */,
				757C601F26B5572600F8B420 /* MainScreenCollectionViewController.swift in Sources */,
				757C605C26B74DC800F8B420 /* ErrorViewEntity.swift in Sources */,
				757C602726B5574F00F8B420 /* BaseRouterProtocol.swift in Sources */,
				757C609826B79BE200F8B420 /* JSONMapper.swift in Sources */,
				757C604526B69FB100F8B420 /* UIStackView+extension.swift in Sources */,
				75A191BB26B9E4AE001A8810 /* UITableViewCell+extensions.swift in Sources */,
				757C607526B7757100F8B420 /* BookDetailsEntity.swift in Sources */,
				757C602326B5572600F8B420 /* MainScreenEntity.swift in Sources */,
				75A191C126BAEC37001A8810 /* MainContainerView.swift in Sources */,
				757C602A26B56D8D00F8B420 /* UIView+extensions.swift in Sources */,
				757C608526B77C7F00F8B420 /* BooksEndpoint.swift in Sources */,
				757C606326B7622100F8B420 /* AppActivityView.swift in Sources */,
				757C604926B6CB2000F8B420 /* ErrorView.swift in Sources */,
				757C607126B7757100F8B420 /* BookDetailsViewController.swift in Sources */,
				757C605426B74DC800F8B420 /* ErrorViewPresenter.swift in Sources */,
				757C609526B79BB300F8B420 /* APIManager.swift in Sources */,
				757C609126B79B3000F8B420 /* APIResponseProtocol.swift in Sources */,
				75A191BE26B9E4E0001A8810 /* Reusable+ReusableIdentifier.swift in Sources */,
				757C607826B7772B00F8B420 /* BookSearchService.swift in Sources */,
				757C605A26B74DC800F8B420 /* ErrorViewInteractor.swift in Sources */,
				75A191B826B9E28C001A8810 /* BookDetailsTableViewCell.swift in Sources */,
				757C603E26B698E900F8B420 /* SearchControllerFactory.swift in Sources */,
				757C607326B7757100F8B420 /* BookDetailsInteractor.swift in Sources */,
				757C5FE226B555FB00F8B420 /* AppDelegate.swift in Sources */,
				757C60B426B7BCE000F8B420 /* UIImage+extensions.swift in Sources */,
				753C327E26BD876C0035D044 /* AppManager.swift in Sources */,
				757C5FE426B555FB00F8B420 /* SceneDelegate.swift in Sources */,
				757C601B26B5572600F8B420 /* MainScreenPresenter.swift in Sources */,
				757C601D26B5572600F8B420 /* MainScreenRouter.swift in Sources */,
				757C609B26B79C1400F8B420 /* APIResponse.swift in Sources */,
				757C605826B74DC800F8B420 /* ErrorViewViewController.swift in Sources */,
				757C604C26B7353D00F8B420 /* FetchError.swift in Sources */,
				757C606F26B7757100F8B420 /* BookDetailsRouter.swift in Sources */,
				757C604226B69F6B00F8B420 /* MainScreenCollectionViewCell.swift in Sources */,
				75A191B426B9D4C1001A8810 /* ImageCacheManager.swift in Sources */,
				757C602126B5572600F8B420 /* MainScreenInteractor.swift in Sources */,
				757C605626B74DC800F8B420 /* ErrorViewRouter.swift in Sources */,
			);
			runOnlyForDeploymentPostprocessing = 0;
		};
		757C5FF026B555FD00F8B420 /* Sources */ = {
			isa = PBXSourcesBuildPhase;
			buildActionMask = 2147483647;
			files = (
				757C609626B79BB300F8B420 /* APIManager.swift in Sources */,
				75A191BF26B9E4E0001A8810 /* Reusable+ReusableIdentifier.swift in Sources */,
				757C607026B7757100F8B420 /* BookDetailsRouter.swift in Sources */,
				757C605B26B74DC800F8B420 /* ErrorViewInteractor.swift in Sources */,
				757C605526B74DC800F8B420 /* ErrorViewPresenter.swift in Sources */,
				757C604326B69F6B00F8B420 /* MainScreenCollectionViewCell.swift in Sources */,
				757C609C26B79C1400F8B420 /* APIResponse.swift in Sources */,
				757C607926B7772B00F8B420 /* BookSearchService.swift in Sources */,
				757C602B26B56D8D00F8B420 /* UIView+extensions.swift in Sources */,
				757C602226B5572600F8B420 /* MainScreenInteractor.swift in Sources */,
				757C602426B5572600F8B420 /* MainScreenEntity.swift in Sources */,
				757C607226B7757100F8B420 /* BookDetailsViewController.swift in Sources */,
				757C609926B79BE200F8B420 /* JSONMapper.swift in Sources */,
				75A191B526B9D4C1001A8810 /* ImageCacheManager.swift in Sources */,
				757C605926B74DC800F8B420 /* ErrorViewViewController.swift in Sources */,
				75A191B926B9E28C001A8810 /* BookDetailsTableViewCell.swift in Sources */,
				757C604A26B6CB2000F8B420 /* ErrorView.swift in Sources */,
				757C602826B5574F00F8B420 /* BaseRouterProtocol.swift in Sources */,
				757C605D26B74DC800F8B420 /* ErrorViewEntity.swift in Sources */,
				757C601E26B5572600F8B420 /* MainScreenRouter.swift in Sources */,
				757C608926B77CB700F8B420 /* Endpoint.swift in Sources */,
				757C602026B5572600F8B420 /* MainScreenCollectionViewController.swift in Sources */,
				75A191BC26B9E4AE001A8810 /* UITableViewCell+extensions.swift in Sources */,
				757C5FF926B555FD00F8B420 /* BooksServiceTests.swift in Sources */,
				757C603F26B698E900F8B420 /* SearchControllerFactory.swift in Sources */,
				757C606E26B7757100F8B420 /* BookDetailsPresenter.swift in Sources */,
				757C605726B74DC800F8B420 /* ErrorViewRouter.swift in Sources */,
				757C607426B7757100F8B420 /* BookDetailsInteractor.swift in Sources */,
				757C601C26B5572600F8B420 /* MainScreenPresenter.swift in Sources */,
				757C604626B69FB100F8B420 /* UIStackView+extension.swift in Sources */,
				75A191C326BD69D3001A8810 /* UICollectionView+extensions.swift in Sources */,
				757C60B526B7BCE000F8B420 /* UIImage+extensions.swift in Sources */,
				757C604D26B7353D00F8B420 /* FetchError.swift in Sources */,
				757C608626B77C7F00F8B420 /* BooksEndpoint.swift in Sources */,
				75A191C226BAEC37001A8810 /* MainContainerView.swift in Sources */,
				757C607626B7757100F8B420 /* BookDetailsEntity.swift in Sources */,
				757C609226B79B3000F8B420 /* APIResponseProtocol.swift in Sources */,
				757C606126B752E600F8B420 /* Constants.swift in Sources */,
				757C606426B7622100F8B420 /* AppActivityView.swift in Sources */,
			);
			runOnlyForDeploymentPostprocessing = 0;
		};
		757C5FFB26B555FD00F8B420 /* Sources */ = {
			isa = PBXSourcesBuildPhase;
			buildActionMask = 2147483647;
			files = (
				757C600426B555FD00F8B420 /* BooksTestAppUITests.swift in Sources */,
			);
			runOnlyForDeploymentPostprocessing = 0;
		};
/* End PBXSourcesBuildPhase section */

/* Begin PBXTargetDependency section */
		757C5FF626B555FD00F8B420 /* PBXTargetDependency */ = {
			isa = PBXTargetDependency;
			target = 757C5FDD26B555FB00F8B420 /* BooksTestApp */;
			targetProxy = 757C5FF526B555FD00F8B420 /* PBXContainerItemProxy */;
		};
		757C600126B555FD00F8B420 /* PBXTargetDependency */ = {
			isa = PBXTargetDependency;
			target = 757C5FDD26B555FB00F8B420 /* BooksTestApp */;
			targetProxy = 757C600026B555FD00F8B420 /* PBXContainerItemProxy */;
		};
/* End PBXTargetDependency section */

/* Begin PBXVariantGroup section */
		757C5FEC26B555FD00F8B420 /* LaunchScreen.storyboard */ = {
			isa = PBXVariantGroup;
			children = (
				757C5FED26B555FD00F8B420 /* Base */,
			);
			name = LaunchScreen.storyboard;
			sourceTree = "<group>";
		};
/* End PBXVariantGroup section */

/* Begin XCBuildConfiguration section */
		753C32B926BD89130035D044 /* Debug */ = {
			isa = XCBuildConfiguration;
			buildSettings = {
				ASSETCATALOG_COMPILER_APPICON_NAME = "AppIcon Dev";
				ASSETCATALOG_COMPILER_GLOBAL_ACCENT_COLOR_NAME = AccentColor;
				CODE_SIGN_STYLE = Automatic;
				DEVELOPMENT_TEAM = "";
				INFOPLIST_FILE = "BooksTestApp Dev.plist";
				LD_RUNPATH_SEARCH_PATHS = (
					"$(inherited)",
					"@executable_path/Frameworks",
				);
				OTHER_SWIFT_FLAGS = "-DDEVELOPMENT";
				PRODUCT_BUNDLE_IDENTIFIER = "madj.BooksTestApp-Dev";
				PRODUCT_NAME = "$(TARGET_NAME)";
				SWIFT_VERSION = 5.0;
				TARGETED_DEVICE_FAMILY = 1;
			};
			name = Debug;
		};
		753C32BA26BD89130035D044 /* Release */ = {
			isa = XCBuildConfiguration;
			buildSettings = {
				ASSETCATALOG_COMPILER_APPICON_NAME = "AppIcon Dev";
				ASSETCATALOG_COMPILER_GLOBAL_ACCENT_COLOR_NAME = AccentColor;
				CODE_SIGN_STYLE = Automatic;
				DEVELOPMENT_TEAM = "";
				INFOPLIST_FILE = "BooksTestApp Dev.plist";
				LD_RUNPATH_SEARCH_PATHS = (
					"$(inherited)",
					"@executable_path/Frameworks",
				);
				OTHER_SWIFT_FLAGS = "-DDEVELOPMENT";
				PRODUCT_BUNDLE_IDENTIFIER = "madj.BooksTestApp-Dev";
				PRODUCT_NAME = "$(TARGET_NAME)";
				SWIFT_VERSION = 5.0;
				TARGETED_DEVICE_FAMILY = 1;
			};
			name = Release;
		};
		757C600626B555FD00F8B420 /* Debug */ = {
			isa = XCBuildConfiguration;
			buildSettings = {
				ALWAYS_SEARCH_USER_PATHS = NO;
				CLANG_ANALYZER_NONNULL = YES;
				CLANG_ANALYZER_NUMBER_OBJECT_CONVERSION = YES_AGGRESSIVE;
				CLANG_CXX_LANGUAGE_STANDARD = "gnu++14";
				CLANG_CXX_LIBRARY = "libc++";
				CLANG_ENABLE_MODULES = YES;
				CLANG_ENABLE_OBJC_ARC = YES;
				CLANG_ENABLE_OBJC_WEAK = YES;
				CLANG_WARN_BLOCK_CAPTURE_AUTORELEASING = YES;
				CLANG_WARN_BOOL_CONVERSION = YES;
				CLANG_WARN_COMMA = YES;
				CLANG_WARN_CONSTANT_CONVERSION = YES;
				CLANG_WARN_DEPRECATED_OBJC_IMPLEMENTATIONS = YES;
				CLANG_WARN_DIRECT_OBJC_ISA_USAGE = YES_ERROR;
				CLANG_WARN_DOCUMENTATION_COMMENTS = YES;
				CLANG_WARN_EMPTY_BODY = YES;
				CLANG_WARN_ENUM_CONVERSION = YES;
				CLANG_WARN_INFINITE_RECURSION = YES;
				CLANG_WARN_INT_CONVERSION = YES;
				CLANG_WARN_NON_LITERAL_NULL_CONVERSION = YES;
				CLANG_WARN_OBJC_IMPLICIT_RETAIN_SELF = YES;
				CLANG_WARN_OBJC_LITERAL_CONVERSION = YES;
				CLANG_WARN_OBJC_ROOT_CLASS = YES_ERROR;
				CLANG_WARN_QUOTED_INCLUDE_IN_FRAMEWORK_HEADER = YES;
				CLANG_WARN_RANGE_LOOP_ANALYSIS = YES;
				CLANG_WARN_STRICT_PROTOTYPES = YES;
				CLANG_WARN_SUSPICIOUS_MOVE = YES;
				CLANG_WARN_UNGUARDED_AVAILABILITY = YES_AGGRESSIVE;
				CLANG_WARN_UNREACHABLE_CODE = YES;
				CLANG_WARN__DUPLICATE_METHOD_MATCH = YES;
				COPY_PHASE_STRIP = NO;
				DEBUG_INFORMATION_FORMAT = dwarf;
				ENABLE_STRICT_OBJC_MSGSEND = YES;
				ENABLE_TESTABILITY = YES;
				GCC_C_LANGUAGE_STANDARD = gnu11;
				GCC_DYNAMIC_NO_PIC = NO;
				GCC_NO_COMMON_BLOCKS = YES;
				GCC_OPTIMIZATION_LEVEL = 0;
				GCC_PREPROCESSOR_DEFINITIONS = (
					"DEBUG=1",
					"$(inherited)",
				);
				GCC_WARN_64_TO_32_BIT_CONVERSION = YES;
				GCC_WARN_ABOUT_RETURN_TYPE = YES_ERROR;
				GCC_WARN_UNDECLARED_SELECTOR = YES;
				GCC_WARN_UNINITIALIZED_AUTOS = YES_AGGRESSIVE;
				GCC_WARN_UNUSED_FUNCTION = YES;
				GCC_WARN_UNUSED_VARIABLE = YES;
				IPHONEOS_DEPLOYMENT_TARGET = 14.5;
				MTL_ENABLE_DEBUG_INFO = INCLUDE_SOURCE;
				MTL_FAST_MATH = YES;
				ONLY_ACTIVE_ARCH = YES;
				SDKROOT = iphoneos;
				SWIFT_ACTIVE_COMPILATION_CONDITIONS = DEBUG;
				SWIFT_OPTIMIZATION_LEVEL = "-Onone";
			};
			name = Debug;
		};
		757C600726B555FD00F8B420 /* Release */ = {
			isa = XCBuildConfiguration;
			buildSettings = {
				ALWAYS_SEARCH_USER_PATHS = NO;
				CLANG_ANALYZER_NONNULL = YES;
				CLANG_ANALYZER_NUMBER_OBJECT_CONVERSION = YES_AGGRESSIVE;
				CLANG_CXX_LANGUAGE_STANDARD = "gnu++14";
				CLANG_CXX_LIBRARY = "libc++";
				CLANG_ENABLE_MODULES = YES;
				CLANG_ENABLE_OBJC_ARC = YES;
				CLANG_ENABLE_OBJC_WEAK = YES;
				CLANG_WARN_BLOCK_CAPTURE_AUTORELEASING = YES;
				CLANG_WARN_BOOL_CONVERSION = YES;
				CLANG_WARN_COMMA = YES;
				CLANG_WARN_CONSTANT_CONVERSION = YES;
				CLANG_WARN_DEPRECATED_OBJC_IMPLEMENTATIONS = YES;
				CLANG_WARN_DIRECT_OBJC_ISA_USAGE = YES_ERROR;
				CLANG_WARN_DOCUMENTATION_COMMENTS = YES;
				CLANG_WARN_EMPTY_BODY = YES;
				CLANG_WARN_ENUM_CONVERSION = YES;
				CLANG_WARN_INFINITE_RECURSION = YES;
				CLANG_WARN_INT_CONVERSION = YES;
				CLANG_WARN_NON_LITERAL_NULL_CONVERSION = YES;
				CLANG_WARN_OBJC_IMPLICIT_RETAIN_SELF = YES;
				CLANG_WARN_OBJC_LITERAL_CONVERSION = YES;
				CLANG_WARN_OBJC_ROOT_CLASS = YES_ERROR;
				CLANG_WARN_QUOTED_INCLUDE_IN_FRAMEWORK_HEADER = YES;
				CLANG_WARN_RANGE_LOOP_ANALYSIS = YES;
				CLANG_WARN_STRICT_PROTOTYPES = YES;
				CLANG_WARN_SUSPICIOUS_MOVE = YES;
				CLANG_WARN_UNGUARDED_AVAILABILITY = YES_AGGRESSIVE;
				CLANG_WARN_UNREACHABLE_CODE = YES;
				CLANG_WARN__DUPLICATE_METHOD_MATCH = YES;
				COPY_PHASE_STRIP = NO;
				DEBUG_INFORMATION_FORMAT = "dwarf-with-dsym";
				ENABLE_NS_ASSERTIONS = NO;
				ENABLE_STRICT_OBJC_MSGSEND = YES;
				GCC_C_LANGUAGE_STANDARD = gnu11;
				GCC_NO_COMMON_BLOCKS = YES;
				GCC_WARN_64_TO_32_BIT_CONVERSION = YES;
				GCC_WARN_ABOUT_RETURN_TYPE = YES_ERROR;
				GCC_WARN_UNDECLARED_SELECTOR = YES;
				GCC_WARN_UNINITIALIZED_AUTOS = YES_AGGRESSIVE;
				GCC_WARN_UNUSED_FUNCTION = YES;
				GCC_WARN_UNUSED_VARIABLE = YES;
				IPHONEOS_DEPLOYMENT_TARGET = 14.5;
				MTL_ENABLE_DEBUG_INFO = NO;
				MTL_FAST_MATH = YES;
				SDKROOT = iphoneos;
				SWIFT_COMPILATION_MODE = wholemodule;
				SWIFT_OPTIMIZATION_LEVEL = "-O";
				VALIDATE_PRODUCT = YES;
			};
			name = Release;
		};
		757C600926B555FD00F8B420 /* Debug */ = {
			isa = XCBuildConfiguration;
			buildSettings = {
				ASSETCATALOG_COMPILER_APPICON_NAME = AppIcon;
				ASSETCATALOG_COMPILER_GLOBAL_ACCENT_COLOR_NAME = AccentColor;
				CODE_SIGN_STYLE = Automatic;
				DEVELOPMENT_TEAM = "";
				INFOPLIST_FILE = BooksTestApp/Info.plist;
				LD_RUNPATH_SEARCH_PATHS = (
					"$(inherited)",
					"@executable_path/Frameworks",
				);
				PRODUCT_BUNDLE_IDENTIFIER = madj.BooksTestApp;
				PRODUCT_NAME = "$(TARGET_NAME)";
				SWIFT_VERSION = 5.0;
				TARGETED_DEVICE_FAMILY = 1;
			};
			name = Debug;
		};
		757C600A26B555FD00F8B420 /* Release */ = {
			isa = XCBuildConfiguration;
			buildSettings = {
				ASSETCATALOG_COMPILER_APPICON_NAME = AppIcon;
				ASSETCATALOG_COMPILER_GLOBAL_ACCENT_COLOR_NAME = AccentColor;
				CODE_SIGN_STYLE = Automatic;
				DEVELOPMENT_TEAM = "";
				INFOPLIST_FILE = BooksTestApp/Info.plist;
				LD_RUNPATH_SEARCH_PATHS = (
					"$(inherited)",
					"@executable_path/Frameworks",
				);
				PRODUCT_BUNDLE_IDENTIFIER = madj.BooksTestApp;
				PRODUCT_NAME = "$(TARGET_NAME)";
				SWIFT_VERSION = 5.0;
				TARGETED_DEVICE_FAMILY = 1;
			};
			name = Release;
		};
		757C600C26B555FD00F8B420 /* Debug */ = {
			isa = XCBuildConfiguration;
			buildSettings = {
				ALWAYS_EMBED_SWIFT_STANDARD_LIBRARIES = YES;
				BUNDLE_LOADER = "$(TEST_HOST)";
				CODE_SIGN_STYLE = Automatic;
				INFOPLIST_FILE = BooksTestAppTests/Info.plist;
				IPHONEOS_DEPLOYMENT_TARGET = 14.5;
				LD_RUNPATH_SEARCH_PATHS = (
					"$(inherited)",
					"@executable_path/Frameworks",
					"@loader_path/Frameworks",
				);
				PRODUCT_BUNDLE_IDENTIFIER = madj.BooksTestAppTests;
				PRODUCT_NAME = "$(TARGET_NAME)";
				SWIFT_VERSION = 5.0;
				TARGETED_DEVICE_FAMILY = "1,2";
				TEST_HOST = "$(BUILT_PRODUCTS_DIR)/BooksTestApp.app/BooksTestApp";
			};
			name = Debug;
		};
		757C600D26B555FD00F8B420 /* Release */ = {
			isa = XCBuildConfiguration;
			buildSettings = {
				ALWAYS_EMBED_SWIFT_STANDARD_LIBRARIES = YES;
				BUNDLE_LOADER = "$(TEST_HOST)";
				CODE_SIGN_STYLE = Automatic;
				INFOPLIST_FILE = BooksTestAppTests/Info.plist;
				IPHONEOS_DEPLOYMENT_TARGET = 14.5;
				LD_RUNPATH_SEARCH_PATHS = (
					"$(inherited)",
					"@executable_path/Frameworks",
					"@loader_path/Frameworks",
				);
				PRODUCT_BUNDLE_IDENTIFIER = madj.BooksTestAppTests;
				PRODUCT_NAME = "$(TARGET_NAME)";
				SWIFT_VERSION = 5.0;
				TARGETED_DEVICE_FAMILY = "1,2";
				TEST_HOST = "$(BUILT_PRODUCTS_DIR)/BooksTestApp.app/BooksTestApp";
			};
			name = Release;
		};
		757C600F26B555FD00F8B420 /* Debug */ = {
			isa = XCBuildConfiguration;
			buildSettings = {
				ALWAYS_EMBED_SWIFT_STANDARD_LIBRARIES = YES;
				CODE_SIGN_STYLE = Automatic;
				INFOPLIST_FILE = BooksTestAppUITests/Info.plist;
				LD_RUNPATH_SEARCH_PATHS = (
					"$(inherited)",
					"@executable_path/Frameworks",
					"@loader_path/Frameworks",
				);
				PRODUCT_BUNDLE_IDENTIFIER = madj.BooksTestAppUITests;
				PRODUCT_NAME = "$(TARGET_NAME)";
				SWIFT_VERSION = 5.0;
				TARGETED_DEVICE_FAMILY = "1,2";
				TEST_TARGET_NAME = BooksTestApp;
			};
			name = Debug;
		};
		757C601026B555FD00F8B420 /* Release */ = {
			isa = XCBuildConfiguration;
			buildSettings = {
				ALWAYS_EMBED_SWIFT_STANDARD_LIBRARIES = YES;
				CODE_SIGN_STYLE = Automatic;
				INFOPLIST_FILE = BooksTestAppUITests/Info.plist;
				LD_RUNPATH_SEARCH_PATHS = (
					"$(inherited)",
					"@executable_path/Frameworks",
					"@loader_path/Frameworks",
				);
				PRODUCT_BUNDLE_IDENTIFIER = madj.BooksTestAppUITests;
				PRODUCT_NAME = "$(TARGET_NAME)";
				SWIFT_VERSION = 5.0;
				TARGETED_DEVICE_FAMILY = "1,2";
				TEST_TARGET_NAME = BooksTestApp;
			};
			name = Release;
		};
/* End XCBuildConfiguration section */

/* Begin XCConfigurationList section */
		753C32B826BD89130035D044 /* Build configuration list for PBXNativeTarget "BooksTestApp Dev" */ = {
			isa = XCConfigurationList;
			buildConfigurations = (
				753C32B926BD89130035D044 /* Debug */,
				753C32BA26BD89130035D044 /* Release */,
			);
			defaultConfigurationIsVisible = 0;
			defaultConfigurationName = Release;
		};
		757C5FD926B555FB00F8B420 /* Build configuration list for PBXProject "BooksTestApp" */ = {
			isa = XCConfigurationList;
			buildConfigurations = (
				757C600626B555FD00F8B420 /* Debug */,
				757C600726B555FD00F8B420 /* Release */,
			);
			defaultConfigurationIsVisible = 0;
			defaultConfigurationName = Release;
		};
		757C600826B555FD00F8B420 /* Build configuration list for PBXNativeTarget "BooksTestApp" */ = {
			isa = XCConfigurationList;
			buildConfigurations = (
				757C600926B555FD00F8B420 /* Debug */,
				757C600A26B555FD00F8B420 /* Release */,
			);
			defaultConfigurationIsVisible = 0;
			defaultConfigurationName = Release;
		};
		757C600B26B555FD00F8B420 /* Build configuration list for PBXNativeTarget "BooksTestAppTests" */ = {
			isa = XCConfigurationList;
			buildConfigurations = (
				757C600C26B555FD00F8B420 /* Debug */,
				757C600D26B555FD00F8B420 /* Release */,
			);
			defaultConfigurationIsVisible = 0;
			defaultConfigurationName = Release;
		};
		757C600E26B555FD00F8B420 /* Build configuration list for PBXNativeTarget "BooksTestAppUITests" */ = {
			isa = XCConfigurationList;
			buildConfigurations = (
				757C600F26B555FD00F8B420 /* Debug */,
				757C601026B555FD00F8B420 /* Release */,
			);
			defaultConfigurationIsVisible = 0;
			defaultConfigurationName = Release;
		};
/* End XCConfigurationList section */

/* Begin XCRemoteSwiftPackageReference section */
		753C328226BD89130035D044 /* XCRemoteSwiftPackageReference "Alamofire" */ = {
			isa = XCRemoteSwiftPackageReference;
			repositoryURL = "https://github.com/Alamofire/Alamofire.git";
			requirement = {
				kind = upToNextMajorVersion;
				minimumVersion = 5.4.3;
			};
		};
		753C328426BD89130035D044 /* XCRemoteSwiftPackageReference "SwiftyJSON" */ = {
			isa = XCRemoteSwiftPackageReference;
			repositoryURL = "https://github.com/SwiftyJSON/SwiftyJSON.git";
			requirement = {
				kind = upToNextMajorVersion;
				minimumVersion = 5.0.1;
			};
		};
		753C328626BD89130035D044 /* XCRemoteSwiftPackageReference "Kingfisher" */ = {
			isa = XCRemoteSwiftPackageReference;
			repositoryURL = "https://github.com/onevcat/Kingfisher.git";
			requirement = {
				kind = upToNextMajorVersion;
				minimumVersion = 6.3.0;
			};
		};
		757C607A26B77B5600F8B420 /* XCRemoteSwiftPackageReference "Alamofire" */ = {
			isa = XCRemoteSwiftPackageReference;
			repositoryURL = "https://github.com/Alamofire/Alamofire.git";
			requirement = {
				kind = upToNextMajorVersion;
				minimumVersion = 5.4.3;
			};
		};
		757C607D26B77BBC00F8B420 /* XCRemoteSwiftPackageReference "SwiftyJSON" */ = {
			isa = XCRemoteSwiftPackageReference;
			repositoryURL = "https://github.com/SwiftyJSON/SwiftyJSON.git";
			requirement = {
				kind = upToNextMajorVersion;
				minimumVersion = 5.0.1;
			};
		};
		757C608026B77BD400F8B420 /* XCRemoteSwiftPackageReference "Kingfisher" */ = {
			isa = XCRemoteSwiftPackageReference;
			repositoryURL = "https://github.com/onevcat/Kingfisher.git";
			requirement = {
				kind = upToNextMajorVersion;
				minimumVersion = 6.3.0;
			};
		};
/* End XCRemoteSwiftPackageReference section */

/* Begin XCSwiftPackageProductDependency section */
		753C328126BD89130035D044 /* Alamofire */ = {
			isa = XCSwiftPackageProductDependency;
			package = 753C328226BD89130035D044 /* XCRemoteSwiftPackageReference "Alamofire" */;
			productName = Alamofire;
		};
		753C328326BD89130035D044 /* SwiftyJSON */ = {
			isa = XCSwiftPackageProductDependency;
			package = 753C328426BD89130035D044 /* XCRemoteSwiftPackageReference "SwiftyJSON" */;
			productName = SwiftyJSON;
		};
		753C328526BD89130035D044 /* Kingfisher */ = {
			isa = XCSwiftPackageProductDependency;
			package = 753C328626BD89130035D044 /* XCRemoteSwiftPackageReference "Kingfisher" */;
			productName = Kingfisher;
		};
		757C607B26B77B5700F8B420 /* Alamofire */ = {
			isa = XCSwiftPackageProductDependency;
			package = 757C607A26B77B5600F8B420 /* XCRemoteSwiftPackageReference "Alamofire" */;
			productName = Alamofire;
		};
		757C607E26B77BBC00F8B420 /* SwiftyJSON */ = {
			isa = XCSwiftPackageProductDependency;
			package = 757C607D26B77BBC00F8B420 /* XCRemoteSwiftPackageReference "SwiftyJSON" */;
			productName = SwiftyJSON;
		};
		757C608126B77BD400F8B420 /* Kingfisher */ = {
			isa = XCSwiftPackageProductDependency;
			package = 757C608026B77BD400F8B420 /* XCRemoteSwiftPackageReference "Kingfisher" */;
			productName = Kingfisher;
		};
/* End XCSwiftPackageProductDependency section */
	};
	rootObject = 757C5FD626B555FB00F8B420 /* Project object */;
}
